<?xml version="1.0" encoding="utf-8"?>
<Project ToolsVersion="4.0" xmlns="http://schemas.microsoft.com/developer/msbuild/2003">
  <ItemGroup>
    <Filter Include="Source Files">
      <UniqueIdentifier>{4FC737F1-C7A5-4376-A066-2A32D752A2FF}</UniqueIdentifier>
      <Extensions>cpp;c;cc;cxx;c++;cppm;ixx;def;odl;idl;hpj;bat;asm;asmx</Extensions>
    </Filter>
    <Filter Include="Misc">
      <UniqueIdentifier>{3243701f-7bf0-4fc3-8974-66ef6d65e84a}</UniqueIdentifier>
    </Filter>
    <Filter Include="DEPRICATED">
      <UniqueIdentifier>{af5c82d7-6e80-4c8a-99bc-8492a1e54393}</UniqueIdentifier>
    </Filter>
    <Filter Include="generics">
      <UniqueIdentifier>{b6075953-f89b-4c0a-bc56-dc116e0bbff1}</UniqueIdentifier>
    </Filter>
    <Filter Include="customs">
      <UniqueIdentifier>{4edd4c17-5a70-4fb8-926d-13f03c193e57}</UniqueIdentifier>
    </Filter>
  </ItemGroup>
  <ItemGroup>
    <ClCompile Include="main.cpp">
      <Filter>Source Files</Filter>
    </ClCompile>
    <ClCompile Include="bad_exceptions.cpp">
      <Filter>Misc</Filter>
    </ClCompile>
    <ClCompile Include="NumberGenerator.cpp">
      <Filter>Misc</Filter>
    </ClCompile>
    <ClCompile Include="CharBuffer.cpp">
      <Filter>generics</Filter>
    </ClCompile>
    <ClCompile Include="Insert_statement.cpp">
      <Filter>generics</Filter>
    </ClCompile>
    <ClCompile Include="Payload.cpp">
      <Filter>customs</Filter>
    </ClCompile>
    <ClCompile Include="Payload_array.cpp">
      <Filter>customs</Filter>
    </ClCompile>
    <ClCompile Include="Payload_array.h">
      <Filter>customs</Filter>
    </ClCompile>
    <ClCompile Include="Steam_urls.cpp">
      <Filter>customs</Filter>
    </ClCompile>
    <ClCompile Include="Stopwatch.cpp">
      <Filter>Misc</Filter>
    </ClCompile>
  </ItemGroup>
  <ItemGroup>
    <ClInclude Include="Sequence.h">
      <Filter>Misc</Filter>
    </ClInclude>
    <ClInclude Include="NumberGenerator.h">
      <Filter>Misc</Filter>
    </ClInclude>
    <ClInclude Include="bad_concepts.h">
      <Filter>Misc</Filter>
    </ClInclude>
    <ClInclude Include="bad_utility.h">
      <Filter>Misc</Filter>
    </ClInclude>
    <ClInclude Include="bad_exceptions.h">
      <Filter>Misc</Filter>
    </ClInclude>
    <ClInclude Include="libcurl_request.h">
      <Filter>generics</Filter>
    </ClInclude>
    <ClInclude Include="Logger.h">
      <Filter>generics</Filter>
    </ClInclude>
    <ClInclude Include="SQL_inserter.h">
      <Filter>generics</Filter>
    </ClInclude>
    <ClInclude Include="CharBuffer.h">
      <Filter>generics</Filter>
    </ClInclude>
    <ClInclude Include="extract_and_bind.h">
      <Filter>DEPRICATED</Filter>
    </ClInclude>
    <ClInclude Include="steam_sql_commands.h">
      <Filter>DEPRICATED</Filter>
    </ClInclude>
    <ClInclude Include="custom_sql_command.h">
      <Filter>DEPRICATED</Filter>
    </ClInclude>
    <ClInclude Include="Stuff.h">
      <Filter>Source Files</Filter>
    </ClInclude>
    <ClInclude Include="WebRequestHandle.h">
      <Filter>generics</Filter>
    </ClInclude>
    <ClInclude Include="Insert_statement.h">
      <Filter>generics</Filter>
    </ClInclude>
    <ClInclude Include="Payload.h">
      <Filter>customs</Filter>
    </ClInclude>
    <ClInclude Include="Steam_urls.h">
      <Filter>customs</Filter>
    </ClInclude>
    <ClInclude Include="Stopwatch.h">
      <Filter>Misc</Filter>
    </ClInclude>
  </ItemGroup>
</Project>