<?xml version="1.0" encoding="utf-8"?>
<Project ToolsVersion="4.0" xmlns="http://schemas.microsoft.com/developer/msbuild/2003">
  <ItemGroup>
    <Filter Include="Source Files">
      <UniqueIdentifier>{4FC737F1-C7A5-4376-A066-2A32D752A2FF}</UniqueIdentifier>
      <Extensions>cpp;c;cc;cxx;c++;cppm;ixx;def;odl;idl;hpj;bat;asm;asmx</Extensions>
    </Filter>
    <Filter Include="Header Files">
      <UniqueIdentifier>{93995380-89BD-4b04-88EB-625FBE52EBFB}</UniqueIdentifier>
      <Extensions>h;hh;hpp;hxx;h++;hm;inl;inc;ipp;xsd</Extensions>
    </Filter>
    <Filter Include="Resource Files">
      <UniqueIdentifier>{67DA6AB6-F800-4c08-8B7A-83BB121AAD01}</UniqueIdentifier>
      <Extensions>rc;ico;cur;bmp;dlg;rc2;rct;bin;rgs;gif;jpg;jpeg;jpe;resx;tiff;tif;png;wav;mfcribbon-ms</Extensions>
    </Filter>
    <Filter Include="logs">
      <UniqueIdentifier>{ef571d5e-8a81-499b-b442-a92e99b1d2b4}</UniqueIdentifier>
    </Filter>
    <Filter Include="inputs">
      <UniqueIdentifier>{d2d43dde-1192-4c03-a31d-6e7a3df4787b}</UniqueIdentifier>
    </Filter>
    <Filter Include="myhelpers">
      <UniqueIdentifier>{b8fa50aa-ab83-4147-82a3-9afa5660b3c5}</UniqueIdentifier>
    </Filter>
    <Filter Include="steam">
      <UniqueIdentifier>{96c545aa-fc8a-45cb-8357-9980899ff412}</UniqueIdentifier>
    </Filter>
    <Filter Include="sqlify">
      <UniqueIdentifier>{11e3b94a-4566-46a6-a924-a8ce97d85ed9}</UniqueIdentifier>
    </Filter>
    <Filter Include="NumberGenerator">
      <UniqueIdentifier>{0ec8653c-ecf2-4ee7-8f0f-49869c6885c7}</UniqueIdentifier>
    </Filter>
  </ItemGroup>
  <ItemGroup>
    <ClCompile Include="main.cpp">
      <Filter>Source Files</Filter>
    </ClCompile>
    <ClCompile Include="Database.cpp">
      <Filter>Source Files</Filter>
    </ClCompile>
    <ClCompile Include="Definitions.cpp">
      <Filter>Source Files</Filter>
    </ClCompile>
    <ClCompile Include="Pages.cpp">
      <Filter>Source Files</Filter>
    </ClCompile>
    <ClCompile Include="Steam.cpp">
      <Filter>Source Files</Filter>
    </ClCompile>
    <ClCompile Include="logMessage.cpp">
      <Filter>logs</Filter>
    </ClCompile>
    <ClCompile Include="Inputs.cpp">
      <Filter>inputs</Filter>
    </ClCompile>
    <ClCompile Include="myhelpers.cpp">
      <Filter>myhelpers</Filter>
    </ClCompile>
    <ClCompile Include="web_request.cpp">
      <Filter>Resource Files</Filter>
    </ClCompile>
    <ClCompile Include="steamURLEditor.cpp">
      <Filter>steam</Filter>
    </ClCompile>
    <ClCompile Include="myDataStructs.cpp">
      <Filter>sqlify</Filter>
    </ClCompile>
    <ClCompile Include="NumberGenerator.cpp">
      <Filter>NumberGenerator</Filter>
    </ClCompile>
    <ClCompile Include="SQLFlight.cpp">
      <Filter>sqlify</Filter>
    </ClCompile>
  </ItemGroup>
  <ItemGroup>
    <ClInclude Include="Database.h">
      <Filter>Header Files</Filter>
    </ClInclude>
    <ClInclude Include="Entity.h">
      <Filter>Header Files</Filter>
    </ClInclude>
    <ClInclude Include="MakeFile.h">
      <Filter>Header Files</Filter>
    </ClInclude>
    <ClInclude Include="Pages.h">
      <Filter>Header Files</Filter>
    </ClInclude>
    <ClInclude Include="Steam.h">
      <Filter>Header Files</Filter>
    </ClInclude>
    <ClInclude Include="logMessage.h">
      <Filter>logs</Filter>
    </ClInclude>
    <ClInclude Include="Inputs.h">
      <Filter>inputs</Filter>
    </ClInclude>
    <ClInclude Include="myhelpers.h">
      <Filter>myhelpers</Filter>
    </ClInclude>
    <ClInclude Include="web_request.h">
      <Filter>Resource Files</Filter>
    </ClInclude>
    <ClInclude Include="steamURlEditor.h">
      <Filter>steam</Filter>
    </ClInclude>
    <ClInclude Include="SQLFlight.h">
      <Filter>sqlify</Filter>
    </ClInclude>
    <ClInclude Include="myDataStructs.h">
      <Filter>sqlify</Filter>
    </ClInclude>
    <ClInclude Include="NumberGenerator.h">
      <Filter>NumberGenerator</Filter>
    </ClInclude>
    <ClInclude Include="SQLTable.h">
      <Filter>sqlify</Filter>
    </ClInclude>
    <ClInclude Include="SQLUser.h">
      <Filter>sqlify</Filter>
    </ClInclude>
  </ItemGroup>
</Project>